
Microsoft Visual Studio Solution File, Format Version 12.00
# Visual Studio 2012
Project("{FAE04EC0-301F-11D3-BF4B-00C04F79EFBC}") = "Greetz", "Greetz\Greetz.csproj", "{7ED1F43A-DA5B-42B3-80F0-F8751697B6F5}"
EndProject
Project("{FAE04EC0-301F-11D3-BF4B-00C04F79EFBC}") = "Greetz.Tests", "Greetz.Tests\Greetz.Tests.csproj", "{E2975C4E-2A68-4BDB-8DD2-B973520CD7EB}"
EndProject
Global
	GlobalSection(SolutionConfigurationPlatforms) = preSolution
		Debug|Any CPU = Debug|Any CPU
		Release|Any CPU = Release|Any CPU
	EndGlobalSection
	GlobalSection(ProjectConfigurationPlatforms) = postSolution
		{7ED1F43A-DA5B-42B3-80F0-F8751697B6F5}.Debug|Any CPU.ActiveCfg = Debug|Any CPU
		{7ED1F43A-DA5B-42B3-80F0-F8751697B6F5}.Debug|Any CPU.Build.0 = Debug|Any CPU
		{7ED1F43A-DA5B-42B3-80F0-F8751697B6F5}.Release|Any CPU.ActiveCfg = Release|Any CPU
		{7ED1F43A-DA5B-42B3-80F0-F8751697B6F5}.Release|Any CPU.Build.0 = Release|Any CPU
		{E2975C4E-2A68-4BDB-8DD2-B973520CD7EB}.Debug|Any CPU.ActiveCfg = Debug|Any CPU
		{E2975C4E-2A68-4BDB-8DD2-B973520CD7EB}.Debug|Any CPU.Build.0 = Debug|Any CPU
		{E2975C4E-2A68-4BDB-8DD2-B973520CD7EB}.Release|Any CPU.ActiveCfg = Release|Any CPU
		{E2975C4E-2A68-4BDB-8DD2-B973520CD7EB}.Release|Any CPU.Build.0 = Release|Any CPU
	EndGlobalSection
	GlobalSection(MonoDevelopProperties) = preSolution
		StartupItem = Greetz\Greetz.csproj
	EndGlobalSection
EndGlobal
